
Microsoft Visual Studio Solution File, Format Version 12.00
# Visual Studio Version 16
VisualStudioVersion = 16.0.29503.13
MinimumVisualStudioVersion = 10.0.40219.1
Project("{9A19103F-16F7-4668-BE54-9A1E7A4F7556}") = "BecamexIDC.Authentication", "BecamexIDC.Authentication.csproj", "{009DD0C0-5249-4E54-BCE9-579647D104DB}"
EndProject
Global
	GlobalSection(SolutionConfigurationPlatforms) = preSolution
		Debug|Any CPU = Debug|Any CPU
		Release|Any CPU = Release|Any CPU
	EndGlobalSection
	GlobalSection(ProjectConfigurationPlatforms) = postSolution
		{009DD0C0-5249-4E54-BCE9-579647D104DB}.Debug|Any CPU.ActiveCfg = Debug|Any CPU
		{009DD0C0-5249-4E54-BCE9-579647D104DB}.Debug|Any CPU.Build.0 = Debug|Any CPU
		{009DD0C0-5249-4E54-BCE9-579647D104DB}.Release|Any CPU.ActiveCfg = Release|Any CPU
		{009DD0C0-5249-4E54-BCE9-579647D104DB}.Release|Any CPU.Build.0 = Release|Any CPU
	EndGlobalSection
	GlobalSection(SolutionProperties) = preSolution
		HideSolutionNode = FALSE
	EndGlobalSection
	GlobalSection(ExtensibilityGlobals) = postSolution
		SolutionGuid = {A6C4B701-914F-4CA9-A438-584329C8FDAE}
	EndGlobalSection
EndGlobal
